// !$*UTF8*$!
{
	archiveVersion = 1;
	classes = {
	};
	objectVersion = 46;
	objects = {

/* Begin PBXBuildFile section */
		6C225C602FB87ECE3388317F /* libPods-GetirBitaksiHackathon2017.a in Frameworks */ = {isa = PBXBuildFile; fileRef = 6FC823720A3E1C0332AE68CD /* libPods-GetirBitaksiHackathon2017.a */; };
		FB1D78C51E75FDD0002A2AAA /* main.m in Sources */ = {isa = PBXBuildFile; fileRef = FB1D78C41E75FDD0002A2AAA /* main.m */; };
		FB1D78C81E75FDD0002A2AAA /* AppDelegate.m in Sources */ = {isa = PBXBuildFile; fileRef = FB1D78C71E75FDD0002A2AAA /* AppDelegate.m */; };
		FB1D78CE1E75FDD0002A2AAA /* Main.storyboard in Resources */ = {isa = PBXBuildFile; fileRef = FB1D78CC1E75FDD0002A2AAA /* Main.storyboard */; };
		FB1D78D01E75FDD0002A2AAA /* Assets.xcassets in Resources */ = {isa = PBXBuildFile; fileRef = FB1D78CF1E75FDD0002A2AAA /* Assets.xcassets */; };
		FB1D78D31E75FDD0002A2AAA /* LaunchScreen.storyboard in Resources */ = {isa = PBXBuildFile; fileRef = FB1D78D11E75FDD0002A2AAA /* LaunchScreen.storyboard */; };
		FB1E193E1E76930300D09D60 /* BaseRequest.m in Sources */ = {isa = PBXBuildFile; fileRef = FB1E192F1E76930300D09D60 /* BaseRequest.m */; };
		FB1E193F1E76930300D09D60 /* ElementsRequest.m in Sources */ = {isa = PBXBuildFile; fileRef = FB1E19311E76930300D09D60 /* ElementsRequest.m */; };
		FB1E19401E76930300D09D60 /* BaseResponse.m in Sources */ = {isa = PBXBuildFile; fileRef = FB1E19341E76930300D09D60 /* BaseResponse.m */; };
		FB1E19411E76930300D09D60 /* ElementsResponse.m in Sources */ = {isa = PBXBuildFile; fileRef = FB1E19361E76930300D09D60 /* ElementsResponse.m */; };
		FB1E19421E76930300D09D60 /* BaseElement.m in Sources */ = {isa = PBXBuildFile; fileRef = FB1E19391E76930300D09D60 /* BaseElement.m */; };
		FB1E19431E76930300D09D60 /* Circle.m in Sources */ = {isa = PBXBuildFile; fileRef = FB1E193B1E76930300D09D60 /* Circle.m */; };
		FB1E19441E76930300D09D60 /* Rectangle.m in Sources */ = {isa = PBXBuildFile; fileRef = FB1E193D1E76930300D09D60 /* Rectangle.m */; };
		FB1E194A1E76934500D09D60 /* LinkProvider.m in Sources */ = {isa = PBXBuildFile; fileRef = FB1E19471E76934500D09D60 /* LinkProvider.m */; };
		FB1E194B1E76934500D09D60 /* ShapeDrawer.m in Sources */ = {isa = PBXBuildFile; fileRef = FB1E19491E76934500D09D60 /* ShapeDrawer.m */; };
		FB1E19511E76938800D09D60 /* RootViewController.m in Sources */ = {isa = PBXBuildFile; fileRef = FB1E194E1E76938800D09D60 /* RootViewController.m */; };
		FB1E19521E76938800D09D60 /* ViewController.m in Sources */ = {isa = PBXBuildFile; fileRef = FB1E19501E76938800D09D60 /* ViewController.m */; };
		FB1E19591E7693C500D09D60 /* ElementsManager.m in Sources */ = {isa = PBXBuildFile; fileRef = FB1E19551E7693C500D09D60 /* ElementsManager.m */; };
		FB1E195A1E7693C500D09D60 /* Service.m in Sources */ = {isa = PBXBuildFile; fileRef = FB1E19571E7693C500D09D60 /* Service.m */; };
/* End PBXBuildFile section */

/* Begin PBXFileReference section */
		3F6C1996C56F7E6F2D495697 /* Pods-GetirBitaksiHackathon2017.release.xcconfig */ = {isa = PBXFileReference; includeInIndex = 1; lastKnownFileType = text.xcconfig; name = "Pods-GetirBitaksiHackathon2017.release.xcconfig"; path = "Pods/Target Support Files/Pods-GetirBitaksiHackathon2017/Pods-GetirBitaksiHackathon2017.release.xcconfig"; sourceTree = "<group>"; };
		6FC823720A3E1C0332AE68CD /* libPods-GetirBitaksiHackathon2017.a */ = {isa = PBXFileReference; explicitFileType = archive.ar; includeInIndex = 0; path = "libPods-GetirBitaksiHackathon2017.a"; sourceTree = BUILT_PRODUCTS_DIR; };
		B8C614CD2025F30712550292 /* Pods-GetirBitaksiHackathon2017.debug.xcconfig */ = {isa = PBXFileReference; includeInIndex = 1; lastKnownFileType = text.xcconfig; name = "Pods-GetirBitaksiHackathon2017.debug.xcconfig"; path = "Pods/Target Support Files/Pods-GetirBitaksiHackathon2017/Pods-GetirBitaksiHackathon2017.debug.xcconfig"; sourceTree = "<group>"; };
		FB1D78C01E75FDD0002A2AAA /* GetirBitaksiHackathon2017.app */ = {isa = PBXFileReference; explicitFileType = wrapper.application; includeInIndex = 0; path = GetirBitaksiHackathon2017.app; sourceTree = BUILT_PRODUCTS_DIR; };
		FB1D78C41E75FDD0002A2AAA /* main.m */ = {isa = PBXFileReference; lastKnownFileType = sourcecode.c.objc; path = main.m; sourceTree = "<group>"; };
		FB1D78C61E75FDD0002A2AAA /* AppDelegate.h */ = {isa = PBXFileReference; lastKnownFileType = sourcecode.c.h; path = AppDelegate.h; sourceTree = "<group>"; };
		FB1D78C71E75FDD0002A2AAA /* AppDelegate.m */ = {isa = PBXFileReference; lastKnownFileType = sourcecode.c.objc; path = AppDelegate.m; sourceTree = "<group>"; };
		FB1D78CD1E75FDD0002A2AAA /* Base */ = {isa = PBXFileReference; lastKnownFileType = file.storyboard; name = Base; path = Base.lproj/Main.storyboard; sourceTree = "<group>"; };
		FB1D78CF1E75FDD0002A2AAA /* Assets.xcassets */ = {isa = PBXFileReference; lastKnownFileType = folder.assetcatalog; path = Assets.xcassets; sourceTree = "<group>"; };
		FB1D78D21E75FDD0002A2AAA /* Base */ = {isa = PBXFileReference; lastKnownFileType = file.storyboard; name = Base; path = Base.lproj/LaunchScreen.storyboard; sourceTree = "<group>"; };
		FB1D78D41E75FDD0002A2AAA /* Info.plist */ = {isa = PBXFileReference; lastKnownFileType = text.plist.xml; path = Info.plist; sourceTree = "<group>"; };
		FB1E192E1E76930300D09D60 /* BaseRequest.h */ = {isa = PBXFileReference; fileEncoding = 4; lastKnownFileType = sourcecode.c.h; path = BaseRequest.h; sourceTree = "<group>"; };
		FB1E192F1E76930300D09D60 /* BaseRequest.m */ = {isa = PBXFileReference; fileEncoding = 4; lastKnownFileType = sourcecode.c.objc; path = BaseRequest.m; sourceTree = "<group>"; };
		FB1E19301E76930300D09D60 /* ElementsRequest.h */ = {isa = PBXFileReference; fileEncoding = 4; lastKnownFileType = sourcecode.c.h; path = ElementsRequest.h; sourceTree = "<group>"; };
		FB1E19311E76930300D09D60 /* ElementsRequest.m */ = {isa = PBXFileReference; fileEncoding = 4; lastKnownFileType = sourcecode.c.objc; path = ElementsRequest.m; sourceTree = "<group>"; };
		FB1E19331E76930300D09D60 /* BaseResponse.h */ = {isa = PBXFileReference; fileEncoding = 4; lastKnownFileType = sourcecode.c.h; path = BaseResponse.h; sourceTree = "<group>"; };
		FB1E19341E76930300D09D60 /* BaseResponse.m */ = {isa = PBXFileReference; fileEncoding = 4; lastKnownFileType = sourcecode.c.objc; path = BaseResponse.m; sourceTree = "<group>"; };
		FB1E19351E76930300D09D60 /* ElementsResponse.h */ = {isa = PBXFileReference; fileEncoding = 4; lastKnownFileType = sourcecode.c.h; path = ElementsResponse.h; sourceTree = "<group>"; };
		FB1E19361E76930300D09D60 /* ElementsResponse.m */ = {isa = PBXFileReference; fileEncoding = 4; lastKnownFileType = sourcecode.c.objc; path = ElementsResponse.m; sourceTree = "<group>"; };
		FB1E19381E76930300D09D60 /* BaseElement.h */ = {isa = PBXFileReference; fileEncoding = 4; lastKnownFileType = sourcecode.c.h; path = BaseElement.h; sourceTree = "<group>"; };
		FB1E19391E76930300D09D60 /* BaseElement.m */ = {isa = PBXFileReference; fileEncoding = 4; lastKnownFileType = sourcecode.c.objc; path = BaseElement.m; sourceTree = "<group>"; };
		FB1E193A1E76930300D09D60 /* Circle.h */ = {isa = PBXFileReference; fileEncoding = 4; lastKnownFileType = sourcecode.c.h; path = Circle.h; sourceTree = "<group>"; };
		FB1E193B1E76930300D09D60 /* Circle.m */ = {isa = PBXFileReference; fileEncoding = 4; lastKnownFileType = sourcecode.c.objc; path = Circle.m; sourceTree = "<group>"; };
		FB1E193C1E76930300D09D60 /* Rectangle.h */ = {isa = PBXFileReference; fileEncoding = 4; lastKnownFileType = sourcecode.c.h; path = Rectangle.h; sourceTree = "<group>"; };
		FB1E193D1E76930300D09D60 /* Rectangle.m */ = {isa = PBXFileReference; fileEncoding = 4; lastKnownFileType = sourcecode.c.objc; path = Rectangle.m; sourceTree = "<group>"; };
		FB1E19461E76934500D09D60 /* LinkProvider.h */ = {isa = PBXFileReference; fileEncoding = 4; lastKnownFileType = sourcecode.c.h; path = LinkProvider.h; sourceTree = "<group>"; };
		FB1E19471E76934500D09D60 /* LinkProvider.m */ = {isa = PBXFileReference; fileEncoding = 4; lastKnownFileType = sourcecode.c.objc; path = LinkProvider.m; sourceTree = "<group>"; };
		FB1E19481E76934500D09D60 /* ShapeDrawer.h */ = {isa = PBXFileReference; fileEncoding = 4; lastKnownFileType = sourcecode.c.h; path = ShapeDrawer.h; sourceTree = "<group>"; };
		FB1E19491E76934500D09D60 /* ShapeDrawer.m */ = {isa = PBXFileReference; fileEncoding = 4; lastKnownFileType = sourcecode.c.objc; path = ShapeDrawer.m; sourceTree = "<group>"; };
		FB1E194D1E76938800D09D60 /* RootViewController.h */ = {isa = PBXFileReference; fileEncoding = 4; lastKnownFileType = sourcecode.c.h; path = RootViewController.h; sourceTree = "<group>"; };
		FB1E194E1E76938800D09D60 /* RootViewController.m */ = {isa = PBXFileReference; fileEncoding = 4; lastKnownFileType = sourcecode.c.objc; path = RootViewController.m; sourceTree = "<group>"; };
		FB1E194F1E76938800D09D60 /* ViewController.h */ = {isa = PBXFileReference; fileEncoding = 4; lastKnownFileType = sourcecode.c.h; path = ViewController.h; sourceTree = "<group>"; };
		FB1E19501E76938800D09D60 /* ViewController.m */ = {isa = PBXFileReference; fileEncoding = 4; lastKnownFileType = sourcecode.c.objc; path = ViewController.m; sourceTree = "<group>"; };
		FB1E19541E7693C500D09D60 /* ElementsManager.h */ = {isa = PBXFileReference; fileEncoding = 4; lastKnownFileType = sourcecode.c.h; path = ElementsManager.h; sourceTree = "<group>"; };
		FB1E19551E7693C500D09D60 /* ElementsManager.m */ = {isa = PBXFileReference; fileEncoding = 4; lastKnownFileType = sourcecode.c.objc; path = ElementsManager.m; sourceTree = "<group>"; };
		FB1E19561E7693C500D09D60 /* Service.h */ = {isa = PBXFileReference; fileEncoding = 4; lastKnownFileType = sourcecode.c.h; path = Service.h; sourceTree = "<group>"; };
		FB1E19571E7693C500D09D60 /* Service.m */ = {isa = PBXFileReference; fileEncoding = 4; lastKnownFileType = sourcecode.c.objc; path = Service.m; sourceTree = "<group>"; };
		FB1E19581E7693C500D09D60 /* ServiceProtocol.h */ = {isa = PBXFileReference; fileEncoding = 4; lastKnownFileType = sourcecode.c.h; path = ServiceProtocol.h; sourceTree = "<group>"; };
/* End PBXFileReference section */

/* Begin PBXFrameworksBuildPhase section */
		FB1D78BD1E75FDD0002A2AAA /* Frameworks */ = {
			isa = PBXFrameworksBuildPhase;
			buildActionMask = 2147483647;
			files = (
				6C225C602FB87ECE3388317F /* libPods-GetirBitaksiHackathon2017.a in Frameworks */,
			);
			runOnlyForDeploymentPostprocessing = 0;
		};
/* End PBXFrameworksBuildPhase section */

/* Begin PBXGroup section */
		475204DE48BC0995537DAB26 /* Pods */ = {
			isa = PBXGroup;
			children = (
				B8C614CD2025F30712550292 /* Pods-GetirBitaksiHackathon2017.debug.xcconfig */,
				3F6C1996C56F7E6F2D495697 /* Pods-GetirBitaksiHackathon2017.release.xcconfig */,
			);
			name = Pods;
			sourceTree = "<group>";
		};
		725893DDC30C6226BE8E52AA /* Frameworks */ = {
			isa = PBXGroup;
			children = (
				6FC823720A3E1C0332AE68CD /* libPods-GetirBitaksiHackathon2017.a */,
			);
			name = Frameworks;
			sourceTree = "<group>";
		};
		FB1D78B71E75FDD0002A2AAA = {
			isa = PBXGroup;
			children = (
				FB1D78C21E75FDD0002A2AAA /* GetirBitaksiHackathon2017 */,
				FB1D78C11E75FDD0002A2AAA /* Products */,
				475204DE48BC0995537DAB26 /* Pods */,
				725893DDC30C6226BE8E52AA /* Frameworks */,
			);
			sourceTree = "<group>";
		};
		FB1D78C11E75FDD0002A2AAA /* Products */ = {
			isa = PBXGroup;
			children = (
				FB1D78C01E75FDD0002A2AAA /* GetirBitaksiHackathon2017.app */,
			);
			name = Products;
			sourceTree = "<group>";
		};
		FB1D78C21E75FDD0002A2AAA /* GetirBitaksiHackathon2017 */ = {
			isa = PBXGroup;
			children = (
				FB1E19531E7693C500D09D60 /* Service Providers */,
				FB1E194C1E76938800D09D60 /* View Controllers */,
				FB1E19451E76934500D09D60 /* Utils */,
				FB1E192C1E76930300D09D60 /* Models */,
				FB1D78C31E75FDD0002A2AAA /* Supporting Files */,
			);
			path = GetirBitaksiHackathon2017;
			sourceTree = "<group>";
		};
		FB1D78C31E75FDD0002A2AAA /* Supporting Files */ = {
			isa = PBXGroup;
			children = (
				FB1D78C61E75FDD0002A2AAA /* AppDelegate.h */,
				FB1D78C71E75FDD0002A2AAA /* AppDelegate.m */,
				FB1D78CC1E75FDD0002A2AAA /* Main.storyboard */,
				FB1D78CF1E75FDD0002A2AAA /* Assets.xcassets */,
				FB1D78D11E75FDD0002A2AAA /* LaunchScreen.storyboard */,
				FB1D78D41E75FDD0002A2AAA /* Info.plist */,
				FB1D78C41E75FDD0002A2AAA /* main.m */,
			);
			name = "Supporting Files";
			sourceTree = "<group>";
		};
		FB1E192C1E76930300D09D60 /* Models */ = {
			isa = PBXGroup;
			children = (
				FB1E192D1E76930300D09D60 /* Request Models */,
				FB1E19321E76930300D09D60 /* Response Models */,
				FB1E19371E76930300D09D60 /* ViewModels */,
			);
			path = Models;
			sourceTree = "<group>";
		};
		FB1E192D1E76930300D09D60 /* Request Models */ = {
			isa = PBXGroup;
			children = (
				FB1E192E1E76930300D09D60 /* BaseRequest.h */,
				FB1E192F1E76930300D09D60 /* BaseRequest.m */,
				FB1E19301E76930300D09D60 /* ElementsRequest.h */,
				FB1E19311E76930300D09D60 /* ElementsRequest.m */,
			);
			path = "Request Models";
			sourceTree = "<group>";
		};
		FB1E19321E76930300D09D60 /* Response Models */ = {
			isa = PBXGroup;
			children = (
				FB1E19331E76930300D09D60 /* BaseResponse.h */,
				FB1E19341E76930300D09D60 /* BaseResponse.m */,
				FB1E19351E76930300D09D60 /* ElementsResponse.h */,
				FB1E19361E76930300D09D60 /* ElementsResponse.m */,
			);
			path = "Response Models";
			sourceTree = "<group>";
		};
		FB1E19371E76930300D09D60 /* ViewModels */ = {
			isa = PBXGroup;
			children = (
				FB1E19381E76930300D09D60 /* BaseElement.h */,
				FB1E19391E76930300D09D60 /* BaseElement.m */,
				FB1E193A1E76930300D09D60 /* Circle.h */,
				FB1E193B1E76930300D09D60 /* Circle.m */,
				FB1E193C1E76930300D09D60 /* Rectangle.h */,
				FB1E193D1E76930300D09D60 /* Rectangle.m */,
			);
			path = ViewModels;
			sourceTree = "<group>";
		};
		FB1E19451E76934500D09D60 /* Utils */ = {
			isa = PBXGroup;
			children = (
				FB1E19461E76934500D09D60 /* LinkProvider.h */,
				FB1E19471E76934500D09D60 /* LinkProvider.m */,
				FB1E19481E76934500D09D60 /* ShapeDrawer.h */,
				FB1E19491E76934500D09D60 /* ShapeDrawer.m */,
			);
			path = Utils;
			sourceTree = "<group>";
		};
		FB1E194C1E76938800D09D60 /* View Controllers */ = {
			isa = PBXGroup;
			children = (
				FB1E194D1E76938800D09D60 /* RootViewController.h */,
				FB1E194E1E76938800D09D60 /* RootViewController.m */,
				FB1E194F1E76938800D09D60 /* ViewController.h */,
				FB1E19501E76938800D09D60 /* ViewController.m */,
			);
			path = "View Controllers";
			sourceTree = "<group>";
		};
		FB1E19531E7693C500D09D60 /* Service Providers */ = {
			isa = PBXGroup;
			children = (
				FB1E19541E7693C500D09D60 /* ElementsManager.h */,
				FB1E19551E7693C500D09D60 /* ElementsManager.m */,
				FB1E19561E7693C500D09D60 /* Service.h */,
				FB1E19571E7693C500D09D60 /* Service.m */,
				FB1E19581E7693C500D09D60 /* ServiceProtocol.h */,
			);
			path = "Service Providers";
			sourceTree = "<group>";
		};
/* End PBXGroup section */

/* Begin PBXNativeTarget section */
		FB1D78BF1E75FDD0002A2AAA /* GetirBitaksiHackathon2017 */ = {
			isa = PBXNativeTarget;
			buildConfigurationList = FB1D78D71E75FDD0002A2AAA /* Build configuration list for PBXNativeTarget "GetirBitaksiHackathon2017" */;
			buildPhases = (
				D28C4E4B88EB1B143E944C50 /* [CP] Check Pods Manifest.lock */,
				FB1D78BC1E75FDD0002A2AAA /* Sources */,
				FB1D78BD1E75FDD0002A2AAA /* Frameworks */,
				FB1D78BE1E75FDD0002A2AAA /* Resources */,
				E9E7F6E8139FEFBADEC7A7EE /* [CP] Embed Pods Frameworks */,
				226EF302E73B5FD08EF57359 /* [CP] Copy Pods Resources */,
			);
			buildRules = (
			);
			dependencies = (
			);
			name = GetirBitaksiHackathon2017;
			productName = GetirBitaksiHackathon2017;
			productReference = FB1D78C01E75FDD0002A2AAA /* GetirBitaksiHackathon2017.app */;
			productType = "com.apple.product-type.application";
		};
/* End PBXNativeTarget section */

/* Begin PBXProject section */
		FB1D78B81E75FDD0002A2AAA /* Project object */ = {
			isa = PBXProject;
			attributes = {
				LastUpgradeCheck = 0820;
				ORGANIZATIONNAME = "Emre Ergün";
				TargetAttributes = {
					FB1D78BF1E75FDD0002A2AAA = {
						CreatedOnToolsVersion = 8.2;
						ProvisioningStyle = Automatic;
					};
				};
			};
			buildConfigurationList = FB1D78BB1E75FDD0002A2AAA /* Build configuration list for PBXProject "GetirBitaksiHackathon2017" */;
			compatibilityVersion = "Xcode 3.2";
			developmentRegion = English;
			hasScannedForEncodings = 0;
			knownRegions = (
				en,
				Base,
			);
			mainGroup = FB1D78B71E75FDD0002A2AAA;
			productRefGroup = FB1D78C11E75FDD0002A2AAA /* Products */;
			projectDirPath = "";
			projectRoot = "";
			targets = (
				FB1D78BF1E75FDD0002A2AAA /* GetirBitaksiHackathon2017 */,
			);
		};
/* End PBXProject section */

/* Begin PBXResourcesBuildPhase section */
		FB1D78BE1E75FDD0002A2AAA /* Resources */ = {
			isa = PBXResourcesBuildPhase;
			buildActionMask = 2147483647;
			files = (
				FB1D78D31E75FDD0002A2AAA /* LaunchScreen.storyboard in Resources */,
				FB1D78D01E75FDD0002A2AAA /* Assets.xcassets in Resources */,
				FB1D78CE1E75FDD0002A2AAA /* Main.storyboard in Resources */,
			);
			runOnlyForDeploymentPostprocessing = 0;
		};
/* End PBXResourcesBuildPhase section */

/* Begin PBXShellScriptBuildPhase section */
		226EF302E73B5FD08EF57359 /* [CP] Copy Pods Resources */ = {
			isa = PBXShellScriptBuildPhase;
			buildActionMask = 2147483647;
			files = (
			);
			inputPaths = (
			);
			name = "[CP] Copy Pods Resources";
			outputPaths = (
			);
			runOnlyForDeploymentPostprocessing = 0;
			shellPath = /bin/sh;
			shellScript = "\"${SRCROOT}/Pods/Target Support Files/Pods-GetirBitaksiHackathon2017/Pods-GetirBitaksiHackathon2017-resources.sh\"\n";
			showEnvVarsInLog = 0;
		};
		D28C4E4B88EB1B143E944C50 /* [CP] Check Pods Manifest.lock */ = {
			isa = PBXShellScriptBuildPhase;
			buildActionMask = 2147483647;
			files = (
			);
			inputPaths = (
			);
			name = "[CP] Check Pods Manifest.lock";
			outputPaths = (
			);
			runOnlyForDeploymentPostprocessing = 0;
			shellPath = /bin/sh;
			shellScript = "diff \"${PODS_ROOT}/../Podfile.lock\" \"${PODS_ROOT}/Manifest.lock\" > /dev/null\nif [[ $? != 0 ]] ; then\n    cat << EOM\nerror: The sandbox is not in sync with the Podfile.lock. Run 'pod install' or update your CocoaPods installation.\nEOM\n    exit 1\nfi\n";
			showEnvVarsInLog = 0;
		};
		E9E7F6E8139FEFBADEC7A7EE /* [CP] Embed Pods Frameworks */ = {
			isa = PBXShellScriptBuildPhase;
			buildActionMask = 2147483647;
			files = (
			);
			inputPaths = (
			);
			name = "[CP] Embed Pods Frameworks";
			outputPaths = (
			);
			runOnlyForDeploymentPostprocessing = 0;
			shellPath = /bin/sh;
			shellScript = "\"${SRCROOT}/Pods/Target Support Files/Pods-GetirBitaksiHackathon2017/Pods-GetirBitaksiHackathon2017-frameworks.sh\"\n";
			showEnvVarsInLog = 0;
		};
/* End PBXShellScriptBuildPhase section */

/* Begin PBXSourcesBuildPhase section */
		FB1D78BC1E75FDD0002A2AAA /* Sources */ = {
			isa = PBXSourcesBuildPhase;
			buildActionMask = 2147483647;
			files = (
				FB1E19431E76930300D09D60 /* Circle.m in Sources */,
				FB1E19421E76930300D09D60 /* BaseElement.m in Sources */,
				FB1E194B1E76934500D09D60 /* ShapeDrawer.m in Sources */,
				FB1D78C81E75FDD0002A2AAA /* AppDelegate.m in Sources */,
				FB1E193F1E76930300D09D60 /* ElementsRequest.m in Sources */,
				FB1E195A1E7693C500D09D60 /* Service.m in Sources */,
				FB1E19411E76930300D09D60 /* ElementsResponse.m in Sources */,
				FB1E193E1E76930300D09D60 /* BaseRequest.m in Sources */,
				FB1E19511E76938800D09D60 /* RootViewController.m in Sources */,
				FB1E19521E76938800D09D60 /* ViewController.m in Sources */,
				FB1D78C51E75FDD0002A2AAA /* main.m in Sources */,
				FB1E19401E76930300D09D60 /* BaseResponse.m in Sources */,
				FB1E194A1E76934500D09D60 /* LinkProvider.m in Sources */,
				FB1E19591E7693C500D09D60 /* ElementsManager.m in Sources */,
				FB1E19441E76930300D09D60 /* Rectangle.m in Sources */,
			);
			runOnlyForDeploymentPostprocessing = 0;
		};
/* End PBXSourcesBuildPhase section */

/* Begin PBXVariantGroup section */
		FB1D78CC1E75FDD0002A2AAA /* Main.storyboard */ = {
			isa = PBXVariantGroup;
			children = (
				FB1D78CD1E75FDD0002A2AAA /* Base */,
			);
			name = Main.storyboard;
			sourceTree = "<group>";
		};
		FB1D78D11E75FDD0002A2AAA /* LaunchScreen.storyboard */ = {
			isa = PBXVariantGroup;
			children = (
				FB1D78D21E75FDD0002A2AAA /* Base */,
			);
			name = LaunchScreen.storyboard;
			sourceTree = "<group>";
		};
/* End PBXVariantGroup section */

/* Begin XCBuildConfiguration section */
		FB1D78D51E75FDD0002A2AAA /* Debug */ = {
			isa = XCBuildConfiguration;
			buildSettings = {
				ALWAYS_SEARCH_USER_PATHS = NO;
				CLANG_ANALYZER_NONNULL = YES;
				CLANG_CXX_LANGUAGE_STANDARD = "gnu++0x";
				CLANG_CXX_LIBRARY = "libc++";
				CLANG_ENABLE_MODULES = YES;
				CLANG_ENABLE_OBJC_ARC = YES;
				CLANG_WARN_BOOL_CONVERSION = YES;
				CLANG_WARN_CONSTANT_CONVERSION = YES;
				CLANG_WARN_DIRECT_OBJC_ISA_USAGE = YES_ERROR;
				CLANG_WARN_DOCUMENTATION_COMMENTS = YES;
				CLANG_WARN_EMPTY_BODY = YES;
				CLANG_WARN_ENUM_CONVERSION = YES;
				CLANG_WARN_INFINITE_RECURSION = YES;
				CLANG_WARN_INT_CONVERSION = YES;
				CLANG_WARN_OBJC_ROOT_CLASS = YES_ERROR;
				CLANG_WARN_SUSPICIOUS_MOVE = YES;
				CLANG_WARN_UNREACHABLE_CODE = YES;
				CLANG_WARN__DUPLICATE_METHOD_MATCH = YES;
				"CODE_SIGN_IDENTITY[sdk=iphoneos*]" = "iPhone Developer";
				COPY_PHASE_STRIP = NO;
				DEBUG_INFORMATION_FORMAT = dwarf;
				ENABLE_STRICT_OBJC_MSGSEND = YES;
				ENABLE_TESTABILITY = YES;
				GCC_C_LANGUAGE_STANDARD = gnu99;
				GCC_DYNAMIC_NO_PIC = NO;
				GCC_NO_COMMON_BLOCKS = YES;
				GCC_OPTIMIZATION_LEVEL = 0;
				GCC_PREPROCESSOR_DEFINITIONS = (
					"DEBUG=1",
					"$(inherited)",
				);
				GCC_WARN_64_TO_32_BIT_CONVERSION = YES;
				GCC_WARN_ABOUT_RETURN_TYPE = YES_ERROR;
				GCC_WARN_UNDECLARED_SELECTOR = YES;
				GCC_WARN_UNINITIALIZED_AUTOS = YES_AGGRESSIVE;
				GCC_WARN_UNUSED_FUNCTION = YES;
				GCC_WARN_UNUSED_VARIABLE = YES;
				IPHONEOS_DEPLOYMENT_TARGET = 10.2;
				MTL_ENABLE_DEBUG_INFO = YES;
				ONLY_ACTIVE_ARCH = YES;
				SDKROOT = iphoneos;
				TARGETED_DEVICE_FAMILY = "1,2";
			};
			name = Debug;
		};
		FB1D78D61E75FDD0002A2AAA /* Release */ = {
			isa = XCBuildConfiguration;
			buildSettings = {
				ALWAYS_SEARCH_USER_PATHS = NO;
				CLANG_ANALYZER_NONNULL = YES;
				CLANG_CXX_LANGUAGE_STANDARD = "gnu++0x";
				CLANG_CXX_LIBRARY = "libc++";
				CLANG_ENABLE_MODULES = YES;
				CLANG_ENABLE_OBJC_ARC = YES;
				CLANG_WARN_BOOL_CONVERSION = YES;
				CLANG_WARN_CONSTANT_CONVERSION = YES;
				CLANG_WARN_DIRECT_OBJC_ISA_USAGE = YES_ERROR;
				CLANG_WARN_DOCUMENTATION_COMMENTS = YES;
				CLANG_WARN_EMPTY_BODY = YES;
				CLANG_WARN_ENUM_CONVERSION = YES;
				CLANG_WARN_INFINITE_RECURSION = YES;
				CLANG_WARN_INT_CONVERSION = YES;
				CLANG_WARN_OBJC_ROOT_CLASS = YES_ERROR;
				CLANG_WARN_SUSPICIOUS_MOVE = YES;
				CLANG_WARN_UNREACHABLE_CODE = YES;
				CLANG_WARN__DUPLICATE_METHOD_MATCH = YES;
				"CODE_SIGN_IDENTITY[sdk=iphoneos*]" = "iPhone Developer";
				COPY_PHASE_STRIP = NO;
				DEBUG_INFORMATION_FORMAT = "dwarf-with-dsym";
				ENABLE_NS_ASSERTIONS = NO;
				ENABLE_STRICT_OBJC_MSGSEND = YES;
				GCC_C_LANGUAGE_STANDARD = gnu99;
				GCC_NO_COMMON_BLOCKS = YES;
				GCC_WARN_64_TO_32_BIT_CONVERSION = YES;
				GCC_WARN_ABOUT_RETURN_TYPE = YES_ERROR;
				GCC_WARN_UNDECLARED_SELECTOR = YES;
				GCC_WARN_UNINITIALIZED_AUTOS = YES_AGGRESSIVE;
				GCC_WARN_UNUSED_FUNCTION = YES;
				GCC_WARN_UNUSED_VARIABLE = YES;
				IPHONEOS_DEPLOYMENT_TARGET = 10.2;
				MTL_ENABLE_DEBUG_INFO = NO;
				SDKROOT = iphoneos;
				TARGETED_DEVICE_FAMILY = "1,2";
				VALIDATE_PRODUCT = YES;
			};
			name = Release;
		};
		FB1D78D81E75FDD0002A2AAA /* Debug */ = {
			isa = XCBuildConfiguration;
			baseConfigurationReference = B8C614CD2025F30712550292 /* Pods-GetirBitaksiHackathon2017.debug.xcconfig */;
			buildSettings = {
				ASSETCATALOG_COMPILER_APPICON_NAME = AppIcon;
				INFOPLIST_FILE = GetirBitaksiHackathon2017/Info.plist;
				LD_RUNPATH_SEARCH_PATHS = "$(inherited) @executable_path/Frameworks";
				PRODUCT_BUNDLE_IDENTIFIER = FUREM.GetirBitaksiHackathon2017;
				PRODUCT_NAME = "$(TARGET_NAME)";
			};
			name = Debug;
		};
		FB1D78D91E75FDD0002A2AAA /* Release */ = {
			isa = XCBuildConfiguration;
			baseConfigurationReference = 3F6C1996C56F7E6F2D495697 /* Pods-GetirBitaksiHackathon2017.release.xcconfig */;
			buildSettings = {
				ASSETCATALOG_COMPILER_APPICON_NAME = AppIcon;
				INFOPLIST_FILE = GetirBitaksiHackathon2017/Info.plist;
				LD_RUNPATH_SEARCH_PATHS = "$(inherited) @executable_path/Frameworks";
				PRODUCT_BUNDLE_IDENTIFIER = FUREM.GetirBitaksiHackathon2017;
				PRODUCT_NAME = "$(TARGET_NAME)";
			};
			name = Release;
		};
/* End XCBuildConfiguration section */

/* Begin XCConfigurationList section */
		FB1D78BB1E75FDD0002A2AAA /* Build configuration list for PBXProject "GetirBitaksiHackathon2017" */ = {
			isa = XCConfigurationList;
			buildConfigurations = (
				FB1D78D51E75FDD0002A2AAA /* Debug */,
				FB1D78D61E75FDD0002A2AAA /* Release */,
			);
			defaultConfigurationIsVisible = 0;
			defaultConfigurationName = Release;
		};
		FB1D78D71E75FDD0002A2AAA /* Build configuration list for PBXNativeTarget "GetirBitaksiHackathon2017" */ = {
			isa = XCConfigurationList;
			buildConfigurations = (
				FB1D78D81E75FDD0002A2AAA /* Debug */,
				FB1D78D91E75FDD0002A2AAA /* Release */,
			);
			defaultConfigurationIsVisible = 0;
			defaultConfigurationName = Release;
		};
/* End XCConfigurationList section */
	};
	rootObject = FB1D78B81E75FDD0002A2AAA /* Project object */;
}
